
Microsoft Visual Studio Solution File, Format Version 12.00
# Visual Studio Version 16
VisualStudioVersion = 16.0.30104.148
MinimumVisualStudioVersion = 10.0.40219.1
Project("{8BC9CEB8-8B4A-11D0-8D11-00A0C91BC942}") = "SkyBoxScene", "SkyBoxScene\SkyBoxScene.vcxproj", "{7282DB15-E8AA-47FC-8A31-3FA79A5FF32B}"
EndProject
Global
	GlobalSection(SolutionConfigurationPlatforms) = preSolution
		Debug|x64 = Debug|x64
		Debug|x86 = Debug|x86
		Release|x64 = Release|x64
		Release|x86 = Release|x86
	EndGlobalSection
	GlobalSection(ProjectConfigurationPlatforms) = postSolution
		{7282DB15-E8AA-47FC-8A31-3FA79A5FF32B}.Debug|x64.ActiveCfg = Debug|x64
		{7282DB15-E8AA-47FC-8A31-3FA79A5FF32B}.Debug|x64.Build.0 = Debug|x64
		{7282DB15-E8AA-47FC-8A31-3FA79A5FF32B}.Debug|x86.ActiveCfg = Debug|Win32
		{7282DB15-E8AA-47FC-8A31-3FA79A5FF32B}.Debug|x86.Build.0 = Debug|Win32
		{7282DB15-E8AA-47FC-8A31-3FA79A5FF32B}.Release|x64.ActiveCfg = Release|x64
		{7282DB15-E8AA-47FC-8A31-3FA79A5FF32B}.Release|x64.Build.0 = Release|x64
		{7282DB15-E8AA-47FC-8A31-3FA79A5FF32B}.Release|x86.ActiveCfg = Release|Win32
		{7282DB15-E8AA-47FC-8A31-3FA79A5FF32B}.Release|x86.Build.0 = Release|Win32
	EndGlobalSection
	GlobalSection(SolutionProperties) = preSolution
		HideSolutionNode = FALSE
	EndGlobalSection
	GlobalSection(ExtensibilityGlobals) = postSolution
		SolutionGuid = {B02ED61B-6C6D-40FF-B5A9-7CB6EA6EDF47}
	EndGlobalSection
EndGlobal
